// !$*UTF8*$!
{
	archiveVersion = 1;
	classes = {
	};
	objectVersion = 46;
	objects = {

/* Begin PBXBuildFile section */
		26E9DD03244F40E600E8CD92 /* DBPublicKeyManager.swift in Sources */ = {isa = PBXBuildFile; fileRef = 26E9DCEB244F40E600E8CD92 /* DBPublicKeyManager.swift */; };
		26E9DD04244F40E600E8CD92 /* Scan+CoreDataClass.swift in Sources */ = {isa = PBXBuildFile; fileRef = 26E9DCED244F40E600E8CD92 /* Scan+CoreDataClass.swift */; };
		26E9DD05244F40E600E8CD92 /* Device+CoreDataClass.swift in Sources */ = {isa = PBXBuildFile; fileRef = 26E9DCEE244F40E600E8CD92 /* Device+CoreDataClass.swift */; };
		26E9DD06244F40E600E8CD92 /* PublicKey+CoreDataProperties.swift in Sources */ = {isa = PBXBuildFile; fileRef = 26E9DCEF244F40E600E8CD92 /* PublicKey+CoreDataProperties.swift */; };
		26E9DD07244F40E600E8CD92 /* Device+CoreDataProperties.swift in Sources */ = {isa = PBXBuildFile; fileRef = 26E9DCF0244F40E600E8CD92 /* Device+CoreDataProperties.swift */; };
		26E9DD08244F40E600E8CD92 /* PublicKey+CoreDataClass.swift in Sources */ = {isa = PBXBuildFile; fileRef = 26E9DCF1244F40E600E8CD92 /* PublicKey+CoreDataClass.swift */; };
		26E9DD09244F40E600E8CD92 /* Model+CoreDataModel.swift in Sources */ = {isa = PBXBuildFile; fileRef = 26E9DCF2244F40E600E8CD92 /* Model+CoreDataModel.swift */; };
		26E9DD0A244F40E600E8CD92 /* Scan+CoreDataProperties.swift in Sources */ = {isa = PBXBuildFile; fileRef = 26E9DCF3244F40E600E8CD92 /* Scan+CoreDataProperties.swift */; };
		26E9DD0B244F40E600E8CD92 /* Model.xcdatamodeld in Sources */ = {isa = PBXBuildFile; fileRef = 26E9DCF4244F40E600E8CD92 /* Model.xcdatamodeld */; };
		26E9DD0C244F40E600E8CD92 /* DBManager.swift in Sources */ = {isa = PBXBuildFile; fileRef = 26E9DCF6244F40E600E8CD92 /* DBManager.swift */; };
		26E9DD0D244F40E600E8CD92 /* DBScanManager.swift in Sources */ = {isa = PBXBuildFile; fileRef = 26E9DCF7244F40E600E8CD92 /* DBScanManager.swift */; };
		26E9DD0E244F40E600E8CD92 /* DBClient.swift in Sources */ = {isa = PBXBuildFile; fileRef = 26E9DCF8244F40E600E8CD92 /* DBClient.swift */; };
		26E9DD0F244F40E600E8CD92 /* DBDeviceManager.swift in Sources */ = {isa = PBXBuildFile; fileRef = 26E9DCF9244F40E600E8CD92 /* DBDeviceManager.swift */; };
		26E9DD10244F40E600E8CD92 /* SpecialBle.m in Sources */ = {isa = PBXBuildFile; fileRef = 26E9DCFA244F40E600E8CD92 /* SpecialBle.m */; };
		26E9DD11244F40E600E8CD92 /* SpecialBleManager.m in Sources */ = {isa = PBXBuildFile; fileRef = 26E9DCFD244F40E600E8CD92 /* SpecialBleManager.m */; };
		3695AD4D247751DF00143D1A /* Config.m in Sources */ = {isa = PBXBuildFile; fileRef = 3695AD4C247751DF00143D1A /* Config.m */; };
/* End PBXBuildFile section */

/* Begin PBXCopyFilesBuildPhase section */
		58B511D91A9E6C8500147676 /* CopyFiles */ = {
			isa = PBXCopyFilesBuildPhase;
			buildActionMask = 2147483647;
			dstPath = "include/$(PRODUCT_NAME)";
			dstSubfolderSpec = 16;
			files = (
			);
			runOnlyForDeploymentPostprocessing = 0;
		};
/* End PBXCopyFilesBuildPhase section */

/* Begin PBXFileReference section */
		134814201AA4EA6300B7C361 /* libSpecialBle.a */ = {isa = PBXFileReference; explicitFileType = archive.ar; includeInIndex = 0; path = libSpecialBle.a; sourceTree = BUILT_PRODUCTS_DIR; };
		26E9DCEB244F40E600E8CD92 /* DBPublicKeyManager.swift */ = {isa = PBXFileReference; fileEncoding = 4; lastKnownFileType = sourcecode.swift; path = DBPublicKeyManager.swift; sourceTree = "<group>"; };
		26E9DCED244F40E600E8CD92 /* Scan+CoreDataClass.swift */ = {isa = PBXFileReference; fileEncoding = 4; lastKnownFileType = sourcecode.swift; path = "Scan+CoreDataClass.swift"; sourceTree = "<group>"; };
		26E9DCEE244F40E600E8CD92 /* Device+CoreDataClass.swift */ = {isa = PBXFileReference; fileEncoding = 4; lastKnownFileType = sourcecode.swift; path = "Device+CoreDataClass.swift"; sourceTree = "<group>"; };
		26E9DCEF244F40E600E8CD92 /* PublicKey+CoreDataProperties.swift */ = {isa = PBXFileReference; fileEncoding = 4; lastKnownFileType = sourcecode.swift; path = "PublicKey+CoreDataProperties.swift"; sourceTree = "<group>"; };
		26E9DCF0244F40E600E8CD92 /* Device+CoreDataProperties.swift */ = {isa = PBXFileReference; fileEncoding = 4; lastKnownFileType = sourcecode.swift; path = "Device+CoreDataProperties.swift"; sourceTree = "<group>"; };
		26E9DCF1244F40E600E8CD92 /* PublicKey+CoreDataClass.swift */ = {isa = PBXFileReference; fileEncoding = 4; lastKnownFileType = sourcecode.swift; path = "PublicKey+CoreDataClass.swift"; sourceTree = "<group>"; };
		26E9DCF2244F40E600E8CD92 /* Model+CoreDataModel.swift */ = {isa = PBXFileReference; fileEncoding = 4; lastKnownFileType = sourcecode.swift; path = "Model+CoreDataModel.swift"; sourceTree = "<group>"; };
		26E9DCF3244F40E600E8CD92 /* Scan+CoreDataProperties.swift */ = {isa = PBXFileReference; fileEncoding = 4; lastKnownFileType = sourcecode.swift; path = "Scan+CoreDataProperties.swift"; sourceTree = "<group>"; };
		26E9DCF5244F40E600E8CD92 /* Model.xcdatamodel */ = {isa = PBXFileReference; lastKnownFileType = wrapper.xcdatamodel; path = Model.xcdatamodel; sourceTree = "<group>"; };
		26E9DCF6244F40E600E8CD92 /* DBManager.swift */ = {isa = PBXFileReference; fileEncoding = 4; lastKnownFileType = sourcecode.swift; path = DBManager.swift; sourceTree = "<group>"; };
		26E9DCF7244F40E600E8CD92 /* DBScanManager.swift */ = {isa = PBXFileReference; fileEncoding = 4; lastKnownFileType = sourcecode.swift; path = DBScanManager.swift; sourceTree = "<group>"; };
		26E9DCF8244F40E600E8CD92 /* DBClient.swift */ = {isa = PBXFileReference; fileEncoding = 4; lastKnownFileType = sourcecode.swift; path = DBClient.swift; sourceTree = "<group>"; };
		26E9DCF9244F40E600E8CD92 /* DBDeviceManager.swift */ = {isa = PBXFileReference; fileEncoding = 4; lastKnownFileType = sourcecode.swift; path = DBDeviceManager.swift; sourceTree = "<group>"; };
		26E9DCFA244F40E600E8CD92 /* SpecialBle.m */ = {isa = PBXFileReference; fileEncoding = 4; lastKnownFileType = sourcecode.c.objc; path = SpecialBle.m; sourceTree = "<group>"; };
		26E9DCFB244F40E600E8CD92 /* SpecialBleManager.h */ = {isa = PBXFileReference; fileEncoding = 4; lastKnownFileType = sourcecode.c.h; path = SpecialBleManager.h; sourceTree = "<group>"; };
		26E9DCFC244F40E600E8CD92 /* SpecialBle.h */ = {isa = PBXFileReference; fileEncoding = 4; lastKnownFileType = sourcecode.c.h; path = SpecialBle.h; sourceTree = "<group>"; };
		26E9DCFD244F40E600E8CD92 /* SpecialBleManager.m */ = {isa = PBXFileReference; fileEncoding = 4; lastKnownFileType = sourcecode.c.objc; path = SpecialBleManager.m; sourceTree = "<group>"; };
		3695AD4B247751DF00143D1A /* Config.h */ = {isa = PBXFileReference; fileEncoding = 4; lastKnownFileType = sourcecode.c.h; path = Config.h; sourceTree = "<group>"; };
		3695AD4C247751DF00143D1A /* Config.m */ = {isa = PBXFileReference; fileEncoding = 4; lastKnownFileType = sourcecode.c.objc; path = Config.m; sourceTree = "<group>"; };
/* End PBXFileReference section */

/* Begin PBXFrameworksBuildPhase section */
		58B511D81A9E6C8500147676 /* Frameworks */ = {
			isa = PBXFrameworksBuildPhase;
			buildActionMask = 2147483647;
			files = (
			);
			runOnlyForDeploymentPostprocessing = 0;
		};
/* End PBXFrameworksBuildPhase section */

/* Begin PBXGroup section */
		134814211AA4EA7D00B7C361 /* Products */ = {
			isa = PBXGroup;
			children = (
				134814201AA4EA6300B7C361 /* libSpecialBle.a */,
			);
			name = Products;
			sourceTree = "<group>";
		};
		26E9DCEA244F40E600E8CD92 /* db */ = {
			isa = PBXGroup;
			children = (
				26E9DCEB244F40E600E8CD92 /* DBPublicKeyManager.swift */,
				26E9DCEC244F40E600E8CD92 /* CoreData */,
				26E9DCF6244F40E600E8CD92 /* DBManager.swift */,
				26E9DCF7244F40E600E8CD92 /* DBScanManager.swift */,
				26E9DCF8244F40E600E8CD92 /* DBClient.swift */,
				26E9DCF9244F40E600E8CD92 /* DBDeviceManager.swift */,
			);
			path = db;
			sourceTree = "<group>";
		};
		26E9DCEC244F40E600E8CD92 /* CoreData */ = {
			isa = PBXGroup;
			children = (
				26E9DCED244F40E600E8CD92 /* Scan+CoreDataClass.swift */,
				26E9DCEE244F40E600E8CD92 /* Device+CoreDataClass.swift */,
				26E9DCEF244F40E600E8CD92 /* PublicKey+CoreDataProperties.swift */,
				26E9DCF0244F40E600E8CD92 /* Device+CoreDataProperties.swift */,
				26E9DCF1244F40E600E8CD92 /* PublicKey+CoreDataClass.swift */,
				26E9DCF2244F40E600E8CD92 /* Model+CoreDataModel.swift */,
				26E9DCF3244F40E600E8CD92 /* Scan+CoreDataProperties.swift */,
				26E9DCF4244F40E600E8CD92 /* Model.xcdatamodeld */,
			);
			path = CoreData;
			sourceTree = "<group>";
		};
		3695AD4A247751DF00143D1A /* config */ = {
			isa = PBXGroup;
			children = (
				3695AD4B247751DF00143D1A /* Config.h */,
				3695AD4C247751DF00143D1A /* Config.m */,
			);
			path = config;
			sourceTree = "<group>";
		};
		58B511D21A9E6C8500147676 = {
			isa = PBXGroup;
			children = (
				3695AD4A247751DF00143D1A /* config */,
				26E9DCEA244F40E600E8CD92 /* db */,
				26E9DCFC244F40E600E8CD92 /* SpecialBle.h */,
				26E9DCFA244F40E600E8CD92 /* SpecialBle.m */,
				26E9DCFB244F40E600E8CD92 /* SpecialBleManager.h */,
				26E9DCFD244F40E600E8CD92 /* SpecialBleManager.m */,
				134814211AA4EA7D00B7C361 /* Products */,
			);
			sourceTree = "<group>";
		};
/* End PBXGroup section */

/* Begin PBXNativeTarget section */
		58B511DA1A9E6C8500147676 /* SpecialBle */ = {
			isa = PBXNativeTarget;
			buildConfigurationList = 58B511EF1A9E6C8500147676 /* Build configuration list for PBXNativeTarget "SpecialBle" */;
			buildPhases = (
				58B511D71A9E6C8500147676 /* Sources */,
				58B511D81A9E6C8500147676 /* Frameworks */,
				58B511D91A9E6C8500147676 /* CopyFiles */,
			);
			buildRules = (
			);
			dependencies = (
			);
			name = SpecialBle;
			productName = RCTDataManager;
			productReference = 134814201AA4EA6300B7C361 /* libSpecialBle.a */;
			productType = "com.apple.product-type.library.static";
		};
/* End PBXNativeTarget section */

/* Begin PBXProject section */
		58B511D31A9E6C8500147676 /* Project object */ = {
			isa = PBXProject;
			attributes = {
				LastUpgradeCheck = 0920;
				ORGANIZATIONNAME = Facebook;
				TargetAttributes = {
					58B511DA1A9E6C8500147676 = {
						CreatedOnToolsVersion = 6.1.1;
					};
				};
			};
			buildConfigurationList = 58B511D61A9E6C8500147676 /* Build configuration list for PBXProject "SpecialBle" */;
			compatibilityVersion = "Xcode 3.2";
			developmentRegion = English;
			hasScannedForEncodings = 0;
			knownRegions = (
				English,
				en,
			);
			mainGroup = 58B511D21A9E6C8500147676;
			productRefGroup = 58B511D21A9E6C8500147676;
			projectDirPath = "";
			projectRoot = "";
			targets = (
				58B511DA1A9E6C8500147676 /* SpecialBle */,
			);
		};
/* End PBXProject section */

/* Begin PBXSourcesBuildPhase section */
		58B511D71A9E6C8500147676 /* Sources */ = {
			isa = PBXSourcesBuildPhase;
			buildActionMask = 2147483647;
			files = (
				26E9DD0A244F40E600E8CD92 /* Scan+CoreDataProperties.swift in Sources */,
				26E9DD0F244F40E600E8CD92 /* DBDeviceManager.swift in Sources */,
				26E9DD06244F40E600E8CD92 /* PublicKey+CoreDataProperties.swift in Sources */,
				26E9DD05244F40E600E8CD92 /* Device+CoreDataClass.swift in Sources */,
				26E9DD08244F40E600E8CD92 /* PublicKey+CoreDataClass.swift in Sources */,
				26E9DD11244F40E600E8CD92 /* SpecialBleManager.m in Sources */,
				26E9DD07244F40E600E8CD92 /* Device+CoreDataProperties.swift in Sources */,
				26E9DD0D244F40E600E8CD92 /* DBScanManager.swift in Sources */,
				26E9DD0C244F40E600E8CD92 /* DBManager.swift in Sources */,
				3695AD4D247751DF00143D1A /* Config.m in Sources */,
				26E9DD0B244F40E600E8CD92 /* Model.xcdatamodeld in Sources */,
				26E9DD10244F40E600E8CD92 /* SpecialBle.m in Sources */,
				26E9DD09244F40E600E8CD92 /* Model+CoreDataModel.swift in Sources */,
				26E9DD04244F40E600E8CD92 /* Scan+CoreDataClass.swift in Sources */,
				26E9DD0E244F40E600E8CD92 /* DBClient.swift in Sources */,
				26E9DD03244F40E600E8CD92 /* DBPublicKeyManager.swift in Sources */,
			);
			runOnlyForDeploymentPostprocessing = 0;
		};
/* End PBXSourcesBuildPhase section */

/* Begin XCBuildConfiguration section */
		58B511ED1A9E6C8500147676 /* Debug */ = {
			isa = XCBuildConfiguration;
			buildSettings = {
				ALWAYS_SEARCH_USER_PATHS = NO;
				CLANG_CXX_LANGUAGE_STANDARD = "gnu++0x";
				CLANG_CXX_LIBRARY = "libc++";
				CLANG_ENABLE_MODULES = YES;
				CLANG_ENABLE_OBJC_ARC = YES;
				CLANG_WARN_BLOCK_CAPTURE_AUTORELEASING = YES;
				CLANG_WARN_BOOL_CONVERSION = YES;
				CLANG_WARN_COMMA = YES;
				CLANG_WARN_CONSTANT_CONVERSION = YES;
				CLANG_WARN_DIRECT_OBJC_ISA_USAGE = YES_ERROR;
				CLANG_WARN_EMPTY_BODY = YES;
				CLANG_WARN_ENUM_CONVERSION = YES;
				CLANG_WARN_INFINITE_RECURSION = YES;
				CLANG_WARN_INT_CONVERSION = YES;
				CLANG_WARN_NON_LITERAL_NULL_CONVERSION = YES;
				CLANG_WARN_OBJC_LITERAL_CONVERSION = YES;
				CLANG_WARN_OBJC_ROOT_CLASS = YES_ERROR;
				CLANG_WARN_RANGE_LOOP_ANALYSIS = YES;
				CLANG_WARN_STRICT_PROTOTYPES = YES;
				CLANG_WARN_SUSPICIOUS_MOVE = YES;
				CLANG_WARN_UNREACHABLE_CODE = YES;
				CLANG_WARN__DUPLICATE_METHOD_MATCH = YES;
				COPY_PHASE_STRIP = NO;
				ENABLE_STRICT_OBJC_MSGSEND = YES;
				ENABLE_TESTABILITY = YES;
				GCC_C_LANGUAGE_STANDARD = gnu99;
				GCC_DYNAMIC_NO_PIC = NO;
				GCC_NO_COMMON_BLOCKS = YES;
				GCC_OPTIMIZATION_LEVEL = 0;
				GCC_PREPROCESSOR_DEFINITIONS = (
					"DEBUG=1",
					"$(inherited)",
				);
				GCC_SYMBOLS_PRIVATE_EXTERN = NO;
				GCC_WARN_64_TO_32_BIT_CONVERSION = YES;
				GCC_WARN_ABOUT_RETURN_TYPE = YES_ERROR;
				GCC_WARN_UNDECLARED_SELECTOR = YES;
				GCC_WARN_UNINITIALIZED_AUTOS = YES_AGGRESSIVE;
				GCC_WARN_UNUSED_FUNCTION = YES;
				GCC_WARN_UNUSED_VARIABLE = YES;
				IPHONEOS_DEPLOYMENT_TARGET = 10.0;
				MTL_ENABLE_DEBUG_INFO = YES;
				ONLY_ACTIVE_ARCH = YES;
				SDKROOT = iphoneos;
			};
			name = Debug;
		};
		58B511EE1A9E6C8500147676 /* Release */ = {
			isa = XCBuildConfiguration;
			buildSettings = {
				ALWAYS_SEARCH_USER_PATHS = NO;
				CLANG_CXX_LANGUAGE_STANDARD = "gnu++0x";
				CLANG_CXX_LIBRARY = "libc++";
				CLANG_ENABLE_MODULES = YES;
				CLANG_ENABLE_OBJC_ARC = YES;
				CLANG_WARN_BLOCK_CAPTURE_AUTORELEASING = YES;
				CLANG_WARN_BOOL_CONVERSION = YES;
				CLANG_WARN_COMMA = YES;
				CLANG_WARN_CONSTANT_CONVERSION = YES;
				CLANG_WARN_DIRECT_OBJC_ISA_USAGE = YES_ERROR;
				CLANG_WARN_EMPTY_BODY = YES;
				CLANG_WARN_ENUM_CONVERSION = YES;
				CLANG_WARN_INFINITE_RECURSION = YES;
				CLANG_WARN_INT_CONVERSION = YES;
				CLANG_WARN_NON_LITERAL_NULL_CONVERSION = YES;
				CLANG_WARN_OBJC_LITERAL_CONVERSION = YES;
				CLANG_WARN_OBJC_ROOT_CLASS = YES_ERROR;
				CLANG_WARN_RANGE_LOOP_ANALYSIS = YES;
				CLANG_WARN_STRICT_PROTOTYPES = YES;
				CLANG_WARN_SUSPICIOUS_MOVE = YES;
				CLANG_WARN_UNREACHABLE_CODE = YES;
				CLANG_WARN__DUPLICATE_METHOD_MATCH = YES;
				COPY_PHASE_STRIP = YES;
				ENABLE_NS_ASSERTIONS = NO;
				ENABLE_STRICT_OBJC_MSGSEND = YES;
				GCC_C_LANGUAGE_STANDARD = gnu99;
				GCC_NO_COMMON_BLOCKS = YES;
				GCC_WARN_64_TO_32_BIT_CONVERSION = YES;
				GCC_WARN_ABOUT_RETURN_TYPE = YES_ERROR;
				GCC_WARN_UNDECLARED_SELECTOR = YES;
				GCC_WARN_UNINITIALIZED_AUTOS = YES_AGGRESSIVE;
				GCC_WARN_UNUSED_FUNCTION = YES;
				GCC_WARN_UNUSED_VARIABLE = YES;
				IPHONEOS_DEPLOYMENT_TARGET = 10.0;
				MTL_ENABLE_DEBUG_INFO = NO;
				SDKROOT = iphoneos;
				VALIDATE_PRODUCT = YES;
			};
			name = Release;
		};
		58B511F01A9E6C8500147676 /* Debug */ = {
			isa = XCBuildConfiguration;
			buildSettings = {
				HEADER_SEARCH_PATHS = (
					"$(inherited)",
					/Applications/Xcode.app/Contents/Developer/Toolchains/XcodeDefault.xctoolchain/usr/include,
					"$(SRCROOT)/../../../React/**",
					"$(SRCROOT)/../../react-native/React/**",
				);
				LIBRARY_SEARCH_PATHS = "$(inherited)";
				OTHER_LDFLAGS = "-ObjC";
				PRODUCT_NAME = SpecialBle;
				SKIP_INSTALL = YES;
				SWIFT_VERSION = 4.0;
			};
			name = Debug;
		};
		58B511F11A9E6C8500147676 /* Release */ = {
			isa = XCBuildConfiguration;
			buildSettings = {
				HEADER_SEARCH_PATHS = (
					"$(inherited)",
					/Applications/Xcode.app/Contents/Developer/Toolchains/XcodeDefault.xctoolchain/usr/include,
					"$(SRCROOT)/../../../React/**",
					"$(SRCROOT)/../../react-native/React/**",
				);
				LIBRARY_SEARCH_PATHS = "$(inherited)";
				OTHER_LDFLAGS = "-ObjC";
				PRODUCT_NAME = SpecialBle;
				SKIP_INSTALL = YES;
				SWIFT_VERSION = 4.0;
			};
			name = Release;
		};
/* End XCBuildConfiguration section */

/* Begin XCConfigurationList section */
		58B511D61A9E6C8500147676 /* Build configuration list for PBXProject "SpecialBle" */ = {
			isa = XCConfigurationList;
			buildConfigurations = (
				58B511ED1A9E6C8500147676 /* Debug */,
				58B511EE1A9E6C8500147676 /* Release */,
			);
			defaultConfigurationIsVisible = 0;
			defaultConfigurationName = Release;
		};
		58B511EF1A9E6C8500147676 /* Build configuration list for PBXNativeTarget "SpecialBle" */ = {
			isa = XCConfigurationList;
			buildConfigurations = (
				58B511F01A9E6C8500147676 /* Debug */,
				58B511F11A9E6C8500147676 /* Release */,
			);
			defaultConfigurationIsVisible = 0;
			defaultConfigurationName = Release;
		};
/* End XCConfigurationList section */

/* Begin XCVersionGroup section */
		26E9DCF4244F40E600E8CD92 /* Model.xcdatamodeld */ = {
			isa = XCVersionGroup;
			children = (
				26E9DCF5244F40E600E8CD92 /* Model.xcdatamodel */,
			);
			currentVersion = 26E9DCF5244F40E600E8CD92 /* Model.xcdatamodel */;
			path = Model.xcdatamodeld;
			sourceTree = "<group>";
			versionGroupType = wrapper.xcdatamodel;
		};
/* End XCVersionGroup section */
	};
	rootObject = 58B511D31A9E6C8500147676 /* Project object */;
}
